
Microsoft Visual Studio Solution File, Format Version 12.00
# Visual Studio Version 17
VisualStudioVersion = 17.11.35327.3
MinimumVisualStudioVersion = 10.0.40219.1
Project("{FAE04EC0-301F-11D3-BF4B-00C04F79EFBC}") = "PAdES_SignatureApp", "PAdES_SignatureApp\PAdES_SignatureApp.csproj", "{A7B0B627-621F-4E53-8232-F7C7E8A3B43F}"
EndProject
Project("{FAE04EC0-301F-11D3-BF4B-00C04F79EFBC}") = "KeyGeneratorApp", "KeyGeneratorApp\KeyGeneratorApp.csproj", "{8248723A-B6D6-4D78-8E55-C4E39783C2FF}"
EndProject
Project("{FAE04EC0-301F-11D3-BF4B-00C04F79EFBC}") = "SignatureVerifier", "SignatureVerifier\SignatureVerifier.csproj", "{22D1EAF2-E13C-47B4-853A-1C2156EAA3EC}"
EndProject
Project("{FAE04EC0-301F-11D3-BF4B-00C04F79EFBC}") = "Tests", "Tests\Tests.csproj", "{EB9DDF5E-97E4-46EE-A179-9E15B06F6753}"
EndProject
Global
	GlobalSection(SolutionConfigurationPlatforms) = preSolution
		Debug|Any CPU = Debug|Any CPU
		Release|Any CPU = Release|Any CPU
	EndGlobalSection
	GlobalSection(ProjectConfigurationPlatforms) = postSolution
		{A7B0B627-621F-4E53-8232-F7C7E8A3B43F}.Debug|Any CPU.ActiveCfg = Debug|Any CPU
		{A7B0B627-621F-4E53-8232-F7C7E8A3B43F}.Debug|Any CPU.Build.0 = Debug|Any CPU
		{A7B0B627-621F-4E53-8232-F7C7E8A3B43F}.Release|Any CPU.ActiveCfg = Release|Any CPU
		{A7B0B627-621F-4E53-8232-F7C7E8A3B43F}.Release|Any CPU.Build.0 = Release|Any CPU
		{8248723A-B6D6-4D78-8E55-C4E39783C2FF}.Debug|Any CPU.ActiveCfg = Debug|Any CPU
		{8248723A-B6D6-4D78-8E55-C4E39783C2FF}.Debug|Any CPU.Build.0 = Debug|Any CPU
		{8248723A-B6D6-4D78-8E55-C4E39783C2FF}.Release|Any CPU.ActiveCfg = Release|Any CPU
		{8248723A-B6D6-4D78-8E55-C4E39783C2FF}.Release|Any CPU.Build.0 = Release|Any CPU
		{22D1EAF2-E13C-47B4-853A-1C2156EAA3EC}.Debug|Any CPU.ActiveCfg = Debug|Any CPU
		{22D1EAF2-E13C-47B4-853A-1C2156EAA3EC}.Debug|Any CPU.Build.0 = Debug|Any CPU
		{22D1EAF2-E13C-47B4-853A-1C2156EAA3EC}.Release|Any CPU.ActiveCfg = Release|Any CPU
		{22D1EAF2-E13C-47B4-853A-1C2156EAA3EC}.Release|Any CPU.Build.0 = Release|Any CPU
		{EB9DDF5E-97E4-46EE-A179-9E15B06F6753}.Debug|Any CPU.ActiveCfg = Debug|Any CPU
		{EB9DDF5E-97E4-46EE-A179-9E15B06F6753}.Debug|Any CPU.Build.0 = Debug|Any CPU
		{EB9DDF5E-97E4-46EE-A179-9E15B06F6753}.Release|Any CPU.ActiveCfg = Release|Any CPU
		{EB9DDF5E-97E4-46EE-A179-9E15B06F6753}.Release|Any CPU.Build.0 = Release|Any CPU
	EndGlobalSection
	GlobalSection(SolutionProperties) = preSolution
		HideSolutionNode = FALSE
	EndGlobalSection
	GlobalSection(ExtensibilityGlobals) = postSolution
		SolutionGuid = {4BB45B9F-8C69-4A37-9D84-41AAB2116543}
	EndGlobalSection
EndGlobal
